
Microsoft Visual Studio Solution File, Format Version 12.00
# Visual Studio Version 16
VisualStudioVersion = 16.0.808.8
MinimumVisualStudioVersion = 10.0.40219.1
Project("{9A19103F-16F7-4668-BE54-9A1E7A4F7556}") = "Entities", "Entities\Entities.csproj", "{FBC9477A-50B6-47D7-86F1-EDA2D5D0DE72}"
EndProject
Project("{9A19103F-16F7-4668-BE54-9A1E7A4F7556}") = "DataAccess", "DataAccess\DataAccess.csproj", "{92E27895-C440-4A50-A734-E8777601798C}"
EndProject
Project("{9A19103F-16F7-4668-BE54-9A1E7A4F7556}") = "Business", "Business\Business.csproj", "{99686A17-FE44-41D3-AF4C-F786D78EA0FB}"
EndProject
Project("{9A19103F-16F7-4668-BE54-9A1E7A4F7556}") = "ConsoleUI", "ConsoleUI\ConsoleUI.csproj", "{B460B1F2-5A46-43D4-9D91-BF1F35E2BB88}"
EndProject
Project("{9A19103F-16F7-4668-BE54-9A1E7A4F7556}") = "Core", "Core\Core.csproj", "{2B2AD6B6-D79F-437A-8E31-871F87C8573B}"
EndProject
Project("{FAE04EC0-301F-11D3-BF4B-00C04F79EFBC}") = "WebAPI", "WebAPI\WebAPI.csproj", "{E5D753C6-5737-4936-B17F-7E23106AECBF}"
EndProject
Global
	GlobalSection(SolutionConfigurationPlatforms) = preSolution
		Debug|Any CPU = Debug|Any CPU
		Release|Any CPU = Release|Any CPU
	EndGlobalSection
	GlobalSection(ProjectConfigurationPlatforms) = postSolution
		{FBC9477A-50B6-47D7-86F1-EDA2D5D0DE72}.Debug|Any CPU.ActiveCfg = Debug|Any CPU
		{FBC9477A-50B6-47D7-86F1-EDA2D5D0DE72}.Debug|Any CPU.Build.0 = Debug|Any CPU
		{FBC9477A-50B6-47D7-86F1-EDA2D5D0DE72}.Release|Any CPU.ActiveCfg = Release|Any CPU
		{FBC9477A-50B6-47D7-86F1-EDA2D5D0DE72}.Release|Any CPU.Build.0 = Release|Any CPU
		{92E27895-C440-4A50-A734-E8777601798C}.Debug|Any CPU.ActiveCfg = Debug|Any CPU
		{92E27895-C440-4A50-A734-E8777601798C}.Debug|Any CPU.Build.0 = Debug|Any CPU
		{92E27895-C440-4A50-A734-E8777601798C}.Release|Any CPU.ActiveCfg = Release|Any CPU
		{92E27895-C440-4A50-A734-E8777601798C}.Release|Any CPU.Build.0 = Release|Any CPU
		{99686A17-FE44-41D3-AF4C-F786D78EA0FB}.Debug|Any CPU.ActiveCfg = Debug|Any CPU
		{99686A17-FE44-41D3-AF4C-F786D78EA0FB}.Debug|Any CPU.Build.0 = Debug|Any CPU
		{99686A17-FE44-41D3-AF4C-F786D78EA0FB}.Release|Any CPU.ActiveCfg = Release|Any CPU
		{99686A17-FE44-41D3-AF4C-F786D78EA0FB}.Release|Any CPU.Build.0 = Release|Any CPU
		{B460B1F2-5A46-43D4-9D91-BF1F35E2BB88}.Debug|Any CPU.ActiveCfg = Debug|Any CPU
		{B460B1F2-5A46-43D4-9D91-BF1F35E2BB88}.Debug|Any CPU.Build.0 = Debug|Any CPU
		{B460B1F2-5A46-43D4-9D91-BF1F35E2BB88}.Release|Any CPU.ActiveCfg = Release|Any CPU
		{B460B1F2-5A46-43D4-9D91-BF1F35E2BB88}.Release|Any CPU.Build.0 = Release|Any CPU
		{2B2AD6B6-D79F-437A-8E31-871F87C8573B}.Debug|Any CPU.ActiveCfg = Debug|Any CPU
		{2B2AD6B6-D79F-437A-8E31-871F87C8573B}.Debug|Any CPU.Build.0 = Debug|Any CPU
		{2B2AD6B6-D79F-437A-8E31-871F87C8573B}.Release|Any CPU.ActiveCfg = Release|Any CPU
		{2B2AD6B6-D79F-437A-8E31-871F87C8573B}.Release|Any CPU.Build.0 = Release|Any CPU
		{E5D753C6-5737-4936-B17F-7E23106AECBF}.Debug|Any CPU.ActiveCfg = Debug|Any CPU
		{E5D753C6-5737-4936-B17F-7E23106AECBF}.Debug|Any CPU.Build.0 = Debug|Any CPU
		{E5D753C6-5737-4936-B17F-7E23106AECBF}.Release|Any CPU.ActiveCfg = Release|Any CPU
		{E5D753C6-5737-4936-B17F-7E23106AECBF}.Release|Any CPU.Build.0 = Release|Any CPU
	EndGlobalSection
	GlobalSection(SolutionProperties) = preSolution
		HideSolutionNode = FALSE
	EndGlobalSection
	GlobalSection(ExtensibilityGlobals) = postSolution
		SolutionGuid = {41A05C0D-C41D-49AF-8824-A281FF677991}
	EndGlobalSection
EndGlobal
